
Microsoft Visual Studio Solution File, Format Version 12.00
# Visual Studio Version 16
VisualStudioVersion = 16.0.31025.194
MinimumVisualStudioVersion = 10.0.40219.1
Project("{FAE04EC0-301F-11D3-BF4B-00C04F79EFBC}") = "MongoDB_recipes", "MongoDB_recipes\MongoDB_recipes.csproj", "{C05CFF86-6C90-47B2-BC76-E973141AD7DE}"
EndProject
Global
	GlobalSection(SolutionConfigurationPlatforms) = preSolution
		Debug|Any CPU = Debug|Any CPU
		Release|Any CPU = Release|Any CPU
	EndGlobalSection
	GlobalSection(ProjectConfigurationPlatforms) = postSolution
		{C05CFF86-6C90-47B2-BC76-E973141AD7DE}.Debug|Any CPU.ActiveCfg = Debug|Any CPU
		{C05CFF86-6C90-47B2-BC76-E973141AD7DE}.Debug|Any CPU.Build.0 = Debug|Any CPU
		{C05CFF86-6C90-47B2-BC76-E973141AD7DE}.Release|Any CPU.ActiveCfg = Release|Any CPU
		{C05CFF86-6C90-47B2-BC76-E973141AD7DE}.Release|Any CPU.Build.0 = Release|Any CPU
	EndGlobalSection
	GlobalSection(SolutionProperties) = preSolution
		HideSolutionNode = FALSE
	EndGlobalSection
	GlobalSection(ExtensibilityGlobals) = postSolution
		SolutionGuid = {BBABBB6A-DA2F-4A99-A930-5377ADD3E046}
	EndGlobalSection
EndGlobal
